
Microsoft Visual Studio Solution File, Format Version 12.00
# Visual Studio Version 16
VisualStudioVersion = 16.0.31129.286
MinimumVisualStudioVersion = 10.0.40219.1
Project("{FAE04EC0-301F-11D3-BF4B-00C04F79EFBC}") = "LabMVC15-04-2021", "LabMVC15-04-2021\LabMVC15-04-2021.csproj", "{FF6B4B2C-56B2-43C5-B3DD-2CD967A5BFC4}"
EndProject
Global
	GlobalSection(SolutionConfigurationPlatforms) = preSolution
		Debug|Any CPU = Debug|Any CPU
		Release|Any CPU = Release|Any CPU
	EndGlobalSection
	GlobalSection(ProjectConfigurationPlatforms) = postSolution
		{FF6B4B2C-56B2-43C5-B3DD-2CD967A5BFC4}.Debug|Any CPU.ActiveCfg = Debug|Any CPU
		{FF6B4B2C-56B2-43C5-B3DD-2CD967A5BFC4}.Debug|Any CPU.Build.0 = Debug|Any CPU
		{FF6B4B2C-56B2-43C5-B3DD-2CD967A5BFC4}.Release|Any CPU.ActiveCfg = Release|Any CPU
		{FF6B4B2C-56B2-43C5-B3DD-2CD967A5BFC4}.Release|Any CPU.Build.0 = Release|Any CPU
	EndGlobalSection
	GlobalSection(SolutionProperties) = preSolution
		HideSolutionNode = FALSE
	EndGlobalSection
	GlobalSection(ExtensibilityGlobals) = postSolution
		SolutionGuid = {79A7213E-D969-4051-8627-C39ECD17C0AC}
	EndGlobalSection
EndGlobal
